{
    __meta__ = {
        version = "1.0"
    },
    ["windows|x64"] = {
        ["cmake#f56260b5"] = {
            repo = {
                branch = "master",
                commit = "af695e2f9c6f2ed5fdc2c27d00ca2923bc33335b",
                url = "https://github.com/xmake-io/xmake-repo.git"
            },
            version = "3.31.4"
        },
        ["directxmath#f56260b5"] = {
            repo = {
                branch = "master",
                commit = "af695e2f9c6f2ed5fdc2c27d00ca2923bc33335b",
                url = "https://github.com/xmake-io/xmake-repo.git"
            },
            version = "2024.02"
        },
        ["directxtk#f56260b5"] = {
            repo = {
                branch = "master",
                commit = "af695e2f9c6f2ed5fdc2c27d00ca2923bc33335b",
                url = "https://github.com/xmake-io/xmake-repo.git"
            },
            version = "24.2.0"
        },
        ["ninja#f56260b5"] = {
            repo = {
                branch = "master",
                commit = "af695e2f9c6f2ed5fdc2c27d00ca2923bc33335b",
                url = "https://github.com/xmake-io/xmake-repo.git"
            },
            version = "1.12.1"
        },
        ["pugixml#f56260b5"] = {
            repo = {
                branch = "master",
                commit = "af695e2f9c6f2ed5fdc2c27d00ca2923bc33335b",
                url = "https://github.com/xmake-io/xmake-repo.git"
            },
            version = "v1.15"
        },
        ["rapidcsv#f56260b5"] = {
            repo = {
                branch = "master",
                commit = "af695e2f9c6f2ed5fdc2c27d00ca2923bc33335b",
                url = "https://github.com/xmake-io/xmake-repo.git"
            },
            version = "v8.89"
        },
        ["rapidjson#f56260b5"] = {
            repo = {
                branch = "master",
                commit = "af695e2f9c6f2ed5fdc2c27d00ca2923bc33335b",
                url = "https://github.com/xmake-io/xmake-repo.git"
            },
            version = "2025.02.05"
        },
        ["spdlog#09c8c173"] = {
            repo = {
                branch = "master",
                commit = "af695e2f9c6f2ed5fdc2c27d00ca2923bc33335b",
                url = "https://github.com/xmake-io/xmake-repo.git"
            },
            version = "v1.16.0"
        },
        ["vcpkg::boost-algorithm#7c9ffcd1"] = {
            version = "latest"
        },
        ["vcpkg::ryml#7c9ffcd1"] = {
            version = "latest"
        }
    }
}